// !$*UTF8*$!
{
	archiveVersion = 1;
	classes = {
	};
	objectVersion = 56;
	objects = {

/* Begin PBXBuildFile section */
		03A3FFA929B9194000BE05A0 /* StandupDetail.swift in Sources */ = {isa = PBXBuildFile; fileRef = 03A3FFA829B9194000BE05A0 /* StandupDetail.swift */; };
		03A3FFAB29BA308200BE05A0 /* StandupForm.swift in Sources */ = {isa = PBXBuildFile; fileRef = 03A3FFAA29BA308200BE05A0 /* StandupForm.swift */; };
		03A3FFAD29BA33B100BE05A0 /* RecordMeeting.swift in Sources */ = {isa = PBXBuildFile; fileRef = 03A3FFAC29BA33B100BE05A0 /* RecordMeeting.swift */; };
		03A3FFB029BA5F1D00BE05A0 /* ding.wav in Resources */ = {isa = PBXBuildFile; fileRef = 03A3FFAF29BA5F1D00BE05A0 /* ding.wav */; };
		03E3BF6529970C4B00E6F935 /* StandupsApp.swift in Sources */ = {isa = PBXBuildFile; fileRef = 03E3BF6429970C4B00E6F935 /* StandupsApp.swift */; };
		03E3BF6929970C4C00E6F935 /* Assets.xcassets in Resources */ = {isa = PBXBuildFile; fileRef = 03E3BF6829970C4C00E6F935 /* Assets.xcassets */; };
		03E3BF6C29970C4C00E6F935 /* Preview Assets.xcassets in Resources */ = {isa = PBXBuildFile; fileRef = 03E3BF6B29970C4C00E6F935 /* Preview Assets.xcassets */; };
		03E3BF7429970C6300E6F935 /* IdentifiedCollections in Frameworks */ = {isa = PBXBuildFile; productRef = 03E3BF7329970C6300E6F935 /* IdentifiedCollections */; };
		03E3BF7729970C7100E6F935 /* Tagged in Frameworks */ = {isa = PBXBuildFile; productRef = 03E3BF7629970C7100E6F935 /* Tagged */; };
		03E3BF7A29970C8F00E6F935 /* Clocks in Frameworks */ = {isa = PBXBuildFile; productRef = 03E3BF7929970C8F00E6F935 /* Clocks */; };
		03E3BF7D29970CD300E6F935 /* Dependencies in Frameworks */ = {isa = PBXBuildFile; productRef = 03E3BF7C29970CD300E6F935 /* Dependencies */; };
		03E3BF8029970D0000E6F935 /* SwiftUINavigation in Frameworks */ = {isa = PBXBuildFile; productRef = 03E3BF7F29970D0000E6F935 /* SwiftUINavigation */; };
		03E3BF8329970D1D00E6F935 /* XCTestDynamicOverlay in Frameworks */ = {isa = PBXBuildFile; productRef = 03E3BF8229970D1D00E6F935 /* XCTestDynamicOverlay */; };
		03E3BF8529970D3900E6F935 /* Models.swift in Sources */ = {isa = PBXBuildFile; fileRef = 03E3BF8429970D3900E6F935 /* Models.swift */; };
		03E3BF8829970D6000E6F935 /* DataManager.swift in Sources */ = {isa = PBXBuildFile; fileRef = 03E3BF8729970D6000E6F935 /* DataManager.swift */; };
		03E3BF8A29970D7E00E6F935 /* SpeechClient.swift in Sources */ = {isa = PBXBuildFile; fileRef = 03E3BF8929970D7E00E6F935 /* SpeechClient.swift */; };
		03E3BF8C29970D9700E6F935 /* SoundEffectClient.swift in Sources */ = {isa = PBXBuildFile; fileRef = 03E3BF8B29970D9700E6F935 /* SoundEffectClient.swift */; };
		03E3BF8E29970DAB00E6F935 /* OpenSettings.swift in Sources */ = {isa = PBXBuildFile; fileRef = 03E3BF8D29970DAB00E6F935 /* OpenSettings.swift */; };
		03E3BF90299814D300E6F935 /* App.swift in Sources */ = {isa = PBXBuildFile; fileRef = 03E3BF8F299814D300E6F935 /* App.swift */; };
		03E3BF922998157300E6F935 /* StandupsList.swift in Sources */ = {isa = PBXBuildFile; fileRef = 03E3BF912998157300E6F935 /* StandupsList.swift */; };
		03E3BF942998171600E6F935 /* Helpers.swift in Sources */ = {isa = PBXBuildFile; fileRef = 03E3BF932998171600E6F935 /* Helpers.swift */; };
/* End PBXBuildFile section */

/* Begin PBXFileReference section */
		03A3FFA829B9194000BE05A0 /* StandupDetail.swift */ = {isa = PBXFileReference; lastKnownFileType = sourcecode.swift; path = StandupDetail.swift; sourceTree = "<group>"; };
		03A3FFAA29BA308200BE05A0 /* StandupForm.swift */ = {isa = PBXFileReference; lastKnownFileType = sourcecode.swift; path = StandupForm.swift; sourceTree = "<group>"; };
		03A3FFAC29BA33B100BE05A0 /* RecordMeeting.swift */ = {isa = PBXFileReference; lastKnownFileType = sourcecode.swift; path = RecordMeeting.swift; sourceTree = "<group>"; };
		03A3FFAF29BA5F1D00BE05A0 /* ding.wav */ = {isa = PBXFileReference; lastKnownFileType = audio.wav; path = ding.wav; sourceTree = "<group>"; };
		03E3BF6129970C4B00E6F935 /* Standups.app */ = {isa = PBXFileReference; explicitFileType = wrapper.application; includeInIndex = 0; path = Standups.app; sourceTree = BUILT_PRODUCTS_DIR; };
		03E3BF6429970C4B00E6F935 /* StandupsApp.swift */ = {isa = PBXFileReference; lastKnownFileType = sourcecode.swift; path = StandupsApp.swift; sourceTree = "<group>"; };
		03E3BF6829970C4C00E6F935 /* Assets.xcassets */ = {isa = PBXFileReference; lastKnownFileType = folder.assetcatalog; path = Assets.xcassets; sourceTree = "<group>"; };
		03E3BF6B29970C4C00E6F935 /* Preview Assets.xcassets */ = {isa = PBXFileReference; lastKnownFileType = folder.assetcatalog; path = "Preview Assets.xcassets"; sourceTree = "<group>"; };
		03E3BF8429970D3900E6F935 /* Models.swift */ = {isa = PBXFileReference; lastKnownFileType = sourcecode.swift; path = Models.swift; sourceTree = "<group>"; };
		03E3BF8729970D6000E6F935 /* DataManager.swift */ = {isa = PBXFileReference; lastKnownFileType = sourcecode.swift; path = DataManager.swift; sourceTree = "<group>"; };
		03E3BF8929970D7E00E6F935 /* SpeechClient.swift */ = {isa = PBXFileReference; lastKnownFileType = sourcecode.swift; path = SpeechClient.swift; sourceTree = "<group>"; };
		03E3BF8B29970D9700E6F935 /* SoundEffectClient.swift */ = {isa = PBXFileReference; lastKnownFileType = sourcecode.swift; path = SoundEffectClient.swift; sourceTree = "<group>"; };
		03E3BF8D29970DAB00E6F935 /* OpenSettings.swift */ = {isa = PBXFileReference; lastKnownFileType = sourcecode.swift; path = OpenSettings.swift; sourceTree = "<group>"; };
		03E3BF8F299814D300E6F935 /* App.swift */ = {isa = PBXFileReference; lastKnownFileType = sourcecode.swift; path = App.swift; sourceTree = "<group>"; };
		03E3BF912998157300E6F935 /* StandupsList.swift */ = {isa = PBXFileReference; lastKnownFileType = sourcecode.swift; path = StandupsList.swift; sourceTree = "<group>"; };
		03E3BF932998171600E6F935 /* Helpers.swift */ = {isa = PBXFileReference; lastKnownFileType = sourcecode.swift; path = Helpers.swift; sourceTree = "<group>"; };
/* End PBXFileReference section */

/* Begin PBXFrameworksBuildPhase section */
		03E3BF5E29970C4B00E6F935 /* Frameworks */ = {
			isa = PBXFrameworksBuildPhase;
			buildActionMask = 2147483647;
			files = (
				03E3BF7729970C7100E6F935 /* Tagged in Frameworks */,
				03E3BF7429970C6300E6F935 /* IdentifiedCollections in Frameworks */,
				03E3BF7A29970C8F00E6F935 /* Clocks in Frameworks */,
				03E3BF8029970D0000E6F935 /* SwiftUINavigation in Frameworks */,
				03E3BF8329970D1D00E6F935 /* XCTestDynamicOverlay in Frameworks */,
				03E3BF7D29970CD300E6F935 /* Dependencies in Frameworks */,
			);
			runOnlyForDeploymentPostprocessing = 0;
		};
/* End PBXFrameworksBuildPhase section */

/* Begin PBXGroup section */
		03A3FFAE29BA5F0100BE05A0 /* Resources */ = {
			isa = PBXGroup;
			children = (
				03A3FFAF29BA5F1D00BE05A0 /* ding.wav */,
			);
			path = Resources;
			sourceTree = "<group>";
		};
		03E3BF5829970C4B00E6F935 = {
			isa = PBXGroup;
			children = (
				03E3BF6329970C4B00E6F935 /* Standups */,
				03E3BF6229970C4B00E6F935 /* Products */,
			);
			sourceTree = "<group>";
		};
		03E3BF6229970C4B00E6F935 /* Products */ = {
			isa = PBXGroup;
			children = (
				03E3BF6129970C4B00E6F935 /* Standups.app */,
			);
			name = Products;
			sourceTree = "<group>";
		};
		03E3BF6329970C4B00E6F935 /* Standups */ = {
			isa = PBXGroup;
			children = (
				03E3BF8F299814D300E6F935 /* App.swift */,
				03E3BF8429970D3900E6F935 /* Models.swift */,
				03E3BF912998157300E6F935 /* StandupsList.swift */,
				03A3FFA829B9194000BE05A0 /* StandupDetail.swift */,
				03A3FFAA29BA308200BE05A0 /* StandupForm.swift */,
				03A3FFAC29BA33B100BE05A0 /* RecordMeeting.swift */,
				03E3BF6429970C4B00E6F935 /* StandupsApp.swift */,
				03E3BF932998171600E6F935 /* Helpers.swift */,
				03E3BF6829970C4C00E6F935 /* Assets.xcassets */,
				03E3BF8629970D5200E6F935 /* Dependencies */,
				03A3FFAE29BA5F0100BE05A0 /* Resources */,
				03E3BF6A29970C4C00E6F935 /* Preview Content */,
			);
			path = Standups;
			sourceTree = "<group>";
		};
		03E3BF6A29970C4C00E6F935 /* Preview Content */ = {
			isa = PBXGroup;
			children = (
				03E3BF6B29970C4C00E6F935 /* Preview Assets.xcassets */,
			);
			path = "Preview Content";
			sourceTree = "<group>";
		};
		03E3BF8629970D5200E6F935 /* Dependencies */ = {
			isa = PBXGroup;
			children = (
				03E3BF8729970D6000E6F935 /* DataManager.swift */,
				03E3BF8929970D7E00E6F935 /* SpeechClient.swift */,
				03E3BF8B29970D9700E6F935 /* SoundEffectClient.swift */,
				03E3BF8D29970DAB00E6F935 /* OpenSettings.swift */,
			);
			path = Dependencies;
			sourceTree = "<group>";
		};
/* End PBXGroup section */

/* Begin PBXNativeTarget section */
		03E3BF6029970C4B00E6F935 /* Standups */ = {
			isa = PBXNativeTarget;
			buildConfigurationList = 03E3BF6F29970C4C00E6F935 /* Build configuration list for PBXNativeTarget "Standups" */;
			buildPhases = (
				03E3BF5D29970C4B00E6F935 /* Sources */,
				03E3BF5E29970C4B00E6F935 /* Frameworks */,
				03E3BF5F29970C4B00E6F935 /* Resources */,
			);
			buildRules = (
			);
			dependencies = (
			);
			name = Standups;
			packageProductDependencies = (
				03E3BF7329970C6300E6F935 /* IdentifiedCollections */,
				03E3BF7629970C7100E6F935 /* Tagged */,
				03E3BF7929970C8F00E6F935 /* Clocks */,
				03E3BF7C29970CD300E6F935 /* Dependencies */,
				03E3BF7F29970D0000E6F935 /* SwiftUINavigation */,
				03E3BF8229970D1D00E6F935 /* XCTestDynamicOverlay */,
			);
			productName = Standups;
			productReference = 03E3BF6129970C4B00E6F935 /* Standups.app */;
			productType = "com.apple.product-type.application";
		};
/* End PBXNativeTarget section */

/* Begin PBXProject section */
		03E3BF5929970C4B00E6F935 /* Project object */ = {
			isa = PBXProject;
			attributes = {
				BuildIndependentTargetsInParallel = 1;
				LastSwiftUpdateCheck = 1420;
				LastUpgradeCheck = 1420;
				TargetAttributes = {
					03E3BF6029970C4B00E6F935 = {
						CreatedOnToolsVersion = 14.2;
					};
				};
			};
			buildConfigurationList = 03E3BF5C29970C4B00E6F935 /* Build configuration list for PBXProject "Standups" */;
			compatibilityVersion = "Xcode 14.0";
			developmentRegion = en;
			hasScannedForEncodings = 0;
			knownRegions = (
				en,
				Base,
			);
			mainGroup = 03E3BF5829970C4B00E6F935;
			packageReferences = (
				03E3BF7229970C6300E6F935 /* XCRemoteSwiftPackageReference "swift-identified-collections" */,
				03E3BF7529970C7100E6F935 /* XCRemoteSwiftPackageReference "swift-tagged" */,
				03E3BF7829970C8F00E6F935 /* XCRemoteSwiftPackageReference "swift-clocks" */,
				03E3BF7B29970CD300E6F935 /* XCRemoteSwiftPackageReference "swift-dependencies" */,
				03E3BF7E29970D0000E6F935 /* XCRemoteSwiftPackageReference "swiftui-navigation" */,
				03E3BF8129970D1D00E6F935 /* XCRemoteSwiftPackageReference "xctest-dynamic-overlay" */,
			);
			productRefGroup = 03E3BF6229970C4B00E6F935 /* Products */;
			projectDirPath = "";
			projectRoot = "";
			targets = (
				03E3BF6029970C4B00E6F935 /* Standups */,
			);
		};
/* End PBXProject section */

/* Begin PBXResourcesBuildPhase section */
		03E3BF5F29970C4B00E6F935 /* Resources */ = {
			isa = PBXResourcesBuildPhase;
			buildActionMask = 2147483647;
			files = (
				03A3FFB029BA5F1D00BE05A0 /* ding.wav in Resources */,
				03E3BF6C29970C4C00E6F935 /* Preview Assets.xcassets in Resources */,
				03E3BF6929970C4C00E6F935 /* Assets.xcassets in Resources */,
			);
			runOnlyForDeploymentPostprocessing = 0;
		};
/* End PBXResourcesBuildPhase section */

/* Begin PBXSourcesBuildPhase section */
		03E3BF5D29970C4B00E6F935 /* Sources */ = {
			isa = PBXSourcesBuildPhase;
			buildActionMask = 2147483647;
			files = (
				03A3FFAD29BA33B100BE05A0 /* RecordMeeting.swift in Sources */,
				03E3BF8529970D3900E6F935 /* Models.swift in Sources */,
				03A3FFA929B9194000BE05A0 /* StandupDetail.swift in Sources */,
				03E3BF8E29970DAB00E6F935 /* OpenSettings.swift in Sources */,
				03E3BF942998171600E6F935 /* Helpers.swift in Sources */,
				03E3BF8829970D6000E6F935 /* DataManager.swift in Sources */,
				03E3BF922998157300E6F935 /* StandupsList.swift in Sources */,
				03A3FFAB29BA308200BE05A0 /* StandupForm.swift in Sources */,
				03E3BF8C29970D9700E6F935 /* SoundEffectClient.swift in Sources */,
				03E3BF90299814D300E6F935 /* App.swift in Sources */,
				03E3BF8A29970D7E00E6F935 /* SpeechClient.swift in Sources */,
				03E3BF6529970C4B00E6F935 /* StandupsApp.swift in Sources */,
			);
			runOnlyForDeploymentPostprocessing = 0;
		};
/* End PBXSourcesBuildPhase section */

/* Begin XCBuildConfiguration section */
		03E3BF6D29970C4C00E6F935 /* Debug */ = {
			isa = XCBuildConfiguration;
			buildSettings = {
				ALWAYS_SEARCH_USER_PATHS = NO;
				CLANG_ANALYZER_NONNULL = YES;
				CLANG_ANALYZER_NUMBER_OBJECT_CONVERSION = YES_AGGRESSIVE;
				CLANG_CXX_LANGUAGE_STANDARD = "gnu++20";
				CLANG_ENABLE_MODULES = YES;
				CLANG_ENABLE_OBJC_ARC = YES;
				CLANG_ENABLE_OBJC_WEAK = YES;
				CLANG_WARN_BLOCK_CAPTURE_AUTORELEASING = YES;
				CLANG_WARN_BOOL_CONVERSION = YES;
				CLANG_WARN_COMMA = YES;
				CLANG_WARN_CONSTANT_CONVERSION = YES;
				CLANG_WARN_DEPRECATED_OBJC_IMPLEMENTATIONS = YES;
				CLANG_WARN_DIRECT_OBJC_ISA_USAGE = YES_ERROR;
				CLANG_WARN_DOCUMENTATION_COMMENTS = YES;
				CLANG_WARN_EMPTY_BODY = YES;
				CLANG_WARN_ENUM_CONVERSION = YES;
				CLANG_WARN_INFINITE_RECURSION = YES;
				CLANG_WARN_INT_CONVERSION = YES;
				CLANG_WARN_NON_LITERAL_NULL_CONVERSION = YES;
				CLANG_WARN_OBJC_IMPLICIT_RETAIN_SELF = YES;
				CLANG_WARN_OBJC_LITERAL_CONVERSION = YES;
				CLANG_WARN_OBJC_ROOT_CLASS = YES_ERROR;
				CLANG_WARN_QUOTED_INCLUDE_IN_FRAMEWORK_HEADER = YES;
				CLANG_WARN_RANGE_LOOP_ANALYSIS = YES;
				CLANG_WARN_STRICT_PROTOTYPES = YES;
				CLANG_WARN_SUSPICIOUS_MOVE = YES;
				CLANG_WARN_UNGUARDED_AVAILABILITY = YES_AGGRESSIVE;
				CLANG_WARN_UNREACHABLE_CODE = YES;
				CLANG_WARN__DUPLICATE_METHOD_MATCH = YES;
				COPY_PHASE_STRIP = NO;
				DEBUG_INFORMATION_FORMAT = dwarf;
				ENABLE_STRICT_OBJC_MSGSEND = YES;
				ENABLE_TESTABILITY = YES;
				GCC_C_LANGUAGE_STANDARD = gnu11;
				GCC_DYNAMIC_NO_PIC = NO;
				GCC_NO_COMMON_BLOCKS = YES;
				GCC_OPTIMIZATION_LEVEL = 0;
				GCC_PREPROCESSOR_DEFINITIONS = (
					"DEBUG=1",
					"$(inherited)",
				);
				GCC_WARN_64_TO_32_BIT_CONVERSION = YES;
				GCC_WARN_ABOUT_RETURN_TYPE = YES_ERROR;
				GCC_WARN_UNDECLARED_SELECTOR = YES;
				GCC_WARN_UNINITIALIZED_AUTOS = YES_AGGRESSIVE;
				GCC_WARN_UNUSED_FUNCTION = YES;
				GCC_WARN_UNUSED_VARIABLE = YES;
				IPHONEOS_DEPLOYMENT_TARGET = 16.2;
				MTL_ENABLE_DEBUG_INFO = INCLUDE_SOURCE;
				MTL_FAST_MATH = YES;
				ONLY_ACTIVE_ARCH = YES;
				SDKROOT = iphoneos;
				SWIFT_ACTIVE_COMPILATION_CONDITIONS = DEBUG;
				SWIFT_OPTIMIZATION_LEVEL = "-Onone";
			};
			name = Debug;
		};
		03E3BF6E29970C4C00E6F935 /* Release */ = {
			isa = XCBuildConfiguration;
			buildSettings = {
				ALWAYS_SEARCH_USER_PATHS = NO;
				CLANG_ANALYZER_NONNULL = YES;
				CLANG_ANALYZER_NUMBER_OBJECT_CONVERSION = YES_AGGRESSIVE;
				CLANG_CXX_LANGUAGE_STANDARD = "gnu++20";
				CLANG_ENABLE_MODULES = YES;
				CLANG_ENABLE_OBJC_ARC = YES;
				CLANG_ENABLE_OBJC_WEAK = YES;
				CLANG_WARN_BLOCK_CAPTURE_AUTORELEASING = YES;
				CLANG_WARN_BOOL_CONVERSION = YES;
				CLANG_WARN_COMMA = YES;
				CLANG_WARN_CONSTANT_CONVERSION = YES;
				CLANG_WARN_DEPRECATED_OBJC_IMPLEMENTATIONS = YES;
				CLANG_WARN_DIRECT_OBJC_ISA_USAGE = YES_ERROR;
				CLANG_WARN_DOCUMENTATION_COMMENTS = YES;
				CLANG_WARN_EMPTY_BODY = YES;
				CLANG_WARN_ENUM_CONVERSION = YES;
				CLANG_WARN_INFINITE_RECURSION = YES;
				CLANG_WARN_INT_CONVERSION = YES;
				CLANG_WARN_NON_LITERAL_NULL_CONVERSION = YES;
				CLANG_WARN_OBJC_IMPLICIT_RETAIN_SELF = YES;
				CLANG_WARN_OBJC_LITERAL_CONVERSION = YES;
				CLANG_WARN_OBJC_ROOT_CLASS = YES_ERROR;
				CLANG_WARN_QUOTED_INCLUDE_IN_FRAMEWORK_HEADER = YES;
				CLANG_WARN_RANGE_LOOP_ANALYSIS = YES;
				CLANG_WARN_STRICT_PROTOTYPES = YES;
				CLANG_WARN_SUSPICIOUS_MOVE = YES;
				CLANG_WARN_UNGUARDED_AVAILABILITY = YES_AGGRESSIVE;
				CLANG_WARN_UNREACHABLE_CODE = YES;
				CLANG_WARN__DUPLICATE_METHOD_MATCH = YES;
				COPY_PHASE_STRIP = NO;
				DEBUG_INFORMATION_FORMAT = "dwarf-with-dsym";
				ENABLE_NS_ASSERTIONS = NO;
				ENABLE_STRICT_OBJC_MSGSEND = YES;
				GCC_C_LANGUAGE_STANDARD = gnu11;
				GCC_NO_COMMON_BLOCKS = YES;
				GCC_WARN_64_TO_32_BIT_CONVERSION = YES;
				GCC_WARN_ABOUT_RETURN_TYPE = YES_ERROR;
				GCC_WARN_UNDECLARED_SELECTOR = YES;
				GCC_WARN_UNINITIALIZED_AUTOS = YES_AGGRESSIVE;
				GCC_WARN_UNUSED_FUNCTION = YES;
				GCC_WARN_UNUSED_VARIABLE = YES;
				IPHONEOS_DEPLOYMENT_TARGET = 16.2;
				MTL_ENABLE_DEBUG_INFO = NO;
				MTL_FAST_MATH = YES;
				SDKROOT = iphoneos;
				SWIFT_COMPILATION_MODE = wholemodule;
				SWIFT_OPTIMIZATION_LEVEL = "-O";
				VALIDATE_PRODUCT = YES;
			};
			name = Release;
		};
		03E3BF7029970C4C00E6F935 /* Debug */ = {
			isa = XCBuildConfiguration;
			buildSettings = {
				ASSETCATALOG_COMPILER_APPICON_NAME = AppIcon;
				ASSETCATALOG_COMPILER_GLOBAL_ACCENT_COLOR_NAME = AccentColor;
				CODE_SIGN_STYLE = Automatic;
				CURRENT_PROJECT_VERSION = 1;
				DEVELOPMENT_ASSET_PATHS = "\"Standups/Preview Content\"";
				DEVELOPMENT_TEAM = FQMFVK55K7;
				ENABLE_PREVIEWS = YES;
				GENERATE_INFOPLIST_FILE = YES;
				INFOPLIST_KEY_NSMicrophoneUsageDescription = "To listen to meetings and transcribe notes.";
				INFOPLIST_KEY_NSSpeechRecognitionUsageDescription = "To transcribe meeting notes.";
				INFOPLIST_KEY_UIApplicationSceneManifest_Generation = YES;
				INFOPLIST_KEY_UIApplicationSupportsIndirectInputEvents = YES;
				INFOPLIST_KEY_UILaunchScreen_Generation = YES;
				INFOPLIST_KEY_UISupportedInterfaceOrientations_iPad = "UIInterfaceOrientationPortrait UIInterfaceOrientationPortraitUpsideDown UIInterfaceOrientationLandscapeLeft UIInterfaceOrientationLandscapeRight";
				INFOPLIST_KEY_UISupportedInterfaceOrientations_iPhone = "UIInterfaceOrientationPortrait UIInterfaceOrientationLandscapeLeft UIInterfaceOrientationLandscapeRight";
				LD_RUNPATH_SEARCH_PATHS = (
					"$(inherited)",
					"@executable_path/Frameworks",
				);
				MARKETING_VERSION = 1.0;
				PRODUCT_BUNDLE_IDENTIFIER = com.dave256apps.Standups;
				PRODUCT_NAME = "$(TARGET_NAME)";
				SWIFT_EMIT_LOC_STRINGS = YES;
				SWIFT_VERSION = 5.0;
				TARGETED_DEVICE_FAMILY = "1,2";
			};
			name = Debug;
		};
		03E3BF7129970C4C00E6F935 /* Release */ = {
			isa = XCBuildConfiguration;
			buildSettings = {
				ASSETCATALOG_COMPILER_APPICON_NAME = AppIcon;
				ASSETCATALOG_COMPILER_GLOBAL_ACCENT_COLOR_NAME = AccentColor;
				CODE_SIGN_STYLE = Automatic;
				CURRENT_PROJECT_VERSION = 1;
				DEVELOPMENT_ASSET_PATHS = "\"Standups/Preview Content\"";
				DEVELOPMENT_TEAM = FQMFVK55K7;
				ENABLE_PREVIEWS = YES;
				GENERATE_INFOPLIST_FILE = YES;
				INFOPLIST_KEY_NSMicrophoneUsageDescription = "To listen to meetings and transcribe notes.";
				INFOPLIST_KEY_NSSpeechRecognitionUsageDescription = "To transcribe meeting notes.";
				INFOPLIST_KEY_UIApplicationSceneManifest_Generation = YES;
				INFOPLIST_KEY_UIApplicationSupportsIndirectInputEvents = YES;
				INFOPLIST_KEY_UILaunchScreen_Generation = YES;
				INFOPLIST_KEY_UISupportedInterfaceOrientations_iPad = "UIInterfaceOrientationPortrait UIInterfaceOrientationPortraitUpsideDown UIInterfaceOrientationLandscapeLeft UIInterfaceOrientationLandscapeRight";
				INFOPLIST_KEY_UISupportedInterfaceOrientations_iPhone = "UIInterfaceOrientationPortrait UIInterfaceOrientationLandscapeLeft UIInterfaceOrientationLandscapeRight";
				LD_RUNPATH_SEARCH_PATHS = (
					"$(inherited)",
					"@executable_path/Frameworks",
				);
				MARKETING_VERSION = 1.0;
				PRODUCT_BUNDLE_IDENTIFIER = com.dave256apps.Standups;
				PRODUCT_NAME = "$(TARGET_NAME)";
				SWIFT_EMIT_LOC_STRINGS = YES;
				SWIFT_VERSION = 5.0;
				TARGETED_DEVICE_FAMILY = "1,2";
			};
			name = Release;
		};
/* End XCBuildConfiguration section */

/* Begin XCConfigurationList section */
		03E3BF5C29970C4B00E6F935 /* Build configuration list for PBXProject "Standups" */ = {
			isa = XCConfigurationList;
			buildConfigurations = (
				03E3BF6D29970C4C00E6F935 /* Debug */,
				03E3BF6E29970C4C00E6F935 /* Release */,
			);
			defaultConfigurationIsVisible = 0;
			defaultConfigurationName = Release;
		};
		03E3BF6F29970C4C00E6F935 /* Build configuration list for PBXNativeTarget "Standups" */ = {
			isa = XCConfigurationList;
			buildConfigurations = (
				03E3BF7029970C4C00E6F935 /* Debug */,
				03E3BF7129970C4C00E6F935 /* Release */,
			);
			defaultConfigurationIsVisible = 0;
			defaultConfigurationName = Release;
		};
/* End XCConfigurationList section */

/* Begin XCRemoteSwiftPackageReference section */
		03E3BF7229970C6300E6F935 /* XCRemoteSwiftPackageReference "swift-identified-collections" */ = {
			isa = XCRemoteSwiftPackageReference;
			repositoryURL = "https://github.com/pointfreeco/swift-identified-collections.git";
			requirement = {
				kind = upToNextMajorVersion;
				minimumVersion = 0.5.0;
			};
		};
		03E3BF7529970C7100E6F935 /* XCRemoteSwiftPackageReference "swift-tagged" */ = {
			isa = XCRemoteSwiftPackageReference;
			repositoryURL = "https://github.com/pointfreeco/swift-tagged.git";
			requirement = {
				kind = upToNextMajorVersion;
				minimumVersion = 0.9.0;
			};
		};
		03E3BF7829970C8F00E6F935 /* XCRemoteSwiftPackageReference "swift-clocks" */ = {
			isa = XCRemoteSwiftPackageReference;
			repositoryURL = "https://github.com/pointfreeco/swift-clocks.git";
			requirement = {
				kind = upToNextMajorVersion;
				minimumVersion = 0.2.0;
			};
		};
		03E3BF7B29970CD300E6F935 /* XCRemoteSwiftPackageReference "swift-dependencies" */ = {
			isa = XCRemoteSwiftPackageReference;
			repositoryURL = "https://github.com/pointfreeco/swift-dependencies.git";
			requirement = {
				kind = upToNextMajorVersion;
				minimumVersion = 0.1.4;
			};
		};
		03E3BF7E29970D0000E6F935 /* XCRemoteSwiftPackageReference "swiftui-navigation" */ = {
			isa = XCRemoteSwiftPackageReference;
			repositoryURL = "https://github.com/pointfreeco/swiftui-navigation.git";
			requirement = {
				kind = upToNextMajorVersion;
				minimumVersion = 0.4.5;
			};
		};
		03E3BF8129970D1D00E6F935 /* XCRemoteSwiftPackageReference "xctest-dynamic-overlay" */ = {
			isa = XCRemoteSwiftPackageReference;
			repositoryURL = "https://github.com/pointfreeco/xctest-dynamic-overlay.git";
			requirement = {
				kind = upToNextMajorVersion;
				minimumVersion = 0.7.0;
			};
		};
/* End XCRemoteSwiftPackageReference section */

/* Begin XCSwiftPackageProductDependency section */
		03E3BF7329970C6300E6F935 /* IdentifiedCollections */ = {
			isa = XCSwiftPackageProductDependency;
			package = 03E3BF7229970C6300E6F935 /* XCRemoteSwiftPackageReference "swift-identified-collections" */;
			productName = IdentifiedCollections;
		};
		03E3BF7629970C7100E6F935 /* Tagged */ = {
			isa = XCSwiftPackageProductDependency;
			package = 03E3BF7529970C7100E6F935 /* XCRemoteSwiftPackageReference "swift-tagged" */;
			productName = Tagged;
		};
		03E3BF7929970C8F00E6F935 /* Clocks */ = {
			isa = XCSwiftPackageProductDependency;
			package = 03E3BF7829970C8F00E6F935 /* XCRemoteSwiftPackageReference "swift-clocks" */;
			productName = Clocks;
		};
		03E3BF7C29970CD300E6F935 /* Dependencies */ = {
			isa = XCSwiftPackageProductDependency;
			package = 03E3BF7B29970CD300E6F935 /* XCRemoteSwiftPackageReference "swift-dependencies" */;
			productName = Dependencies;
		};
		03E3BF7F29970D0000E6F935 /* SwiftUINavigation */ = {
			isa = XCSwiftPackageProductDependency;
			package = 03E3BF7E29970D0000E6F935 /* XCRemoteSwiftPackageReference "swiftui-navigation" */;
			productName = SwiftUINavigation;
		};
		03E3BF8229970D1D00E6F935 /* XCTestDynamicOverlay */ = {
			isa = XCSwiftPackageProductDependency;
			package = 03E3BF8129970D1D00E6F935 /* XCRemoteSwiftPackageReference "xctest-dynamic-overlay" */;
			productName = XCTestDynamicOverlay;
		};
/* End XCSwiftPackageProductDependency section */
	};
	rootObject = 03E3BF5929970C4B00E6F935 /* Project object */;
}
